
Microsoft Visual Studio Solution File, Format Version 12.00
# Visual Studio Version 17
VisualStudioVersion = 17.14.36603.0 d17.14
MinimumVisualStudioVersion = 10.0.40219.1
Project("{FAE04EC0-301F-11D3-BF4B-00C04F79EFBC}") = "NtierArch.PL", "NtierArch.PL\NtierArch.PL.csproj", "{434FD7E0-E172-4EB5-A7AD-B0EABDAA0014}"
EndProject
Project("{FAE04EC0-301F-11D3-BF4B-00C04F79EFBC}") = "NtierArch.BLL", "NtierArch.BLL\NtierArch.BLL.csproj", "{58438004-01D5-4DA1-872B-DC1A060EE312}"
EndProject
Project("{FAE04EC0-301F-11D3-BF4B-00C04F79EFBC}") = "NtierArch.DAL", "NtierArch.DAL\NtierArch.DAL.csproj", "{A18A7BDB-8C32-4349-A83C-340B474D6431}"
EndProject
Global
	GlobalSection(SolutionConfigurationPlatforms) = preSolution
		Debug|Any CPU = Debug|Any CPU
		Release|Any CPU = Release|Any CPU
	EndGlobalSection
	GlobalSection(ProjectConfigurationPlatforms) = postSolution
		{434FD7E0-E172-4EB5-A7AD-B0EABDAA0014}.Debug|Any CPU.ActiveCfg = Debug|Any CPU
		{434FD7E0-E172-4EB5-A7AD-B0EABDAA0014}.Debug|Any CPU.Build.0 = Debug|Any CPU
		{434FD7E0-E172-4EB5-A7AD-B0EABDAA0014}.Release|Any CPU.ActiveCfg = Release|Any CPU
		{434FD7E0-E172-4EB5-A7AD-B0EABDAA0014}.Release|Any CPU.Build.0 = Release|Any CPU
		{58438004-01D5-4DA1-872B-DC1A060EE312}.Debug|Any CPU.ActiveCfg = Debug|Any CPU
		{58438004-01D5-4DA1-872B-DC1A060EE312}.Debug|Any CPU.Build.0 = Debug|Any CPU
		{58438004-01D5-4DA1-872B-DC1A060EE312}.Release|Any CPU.ActiveCfg = Release|Any CPU
		{58438004-01D5-4DA1-872B-DC1A060EE312}.Release|Any CPU.Build.0 = Release|Any CPU
		{A18A7BDB-8C32-4349-A83C-340B474D6431}.Debug|Any CPU.ActiveCfg = Debug|Any CPU
		{A18A7BDB-8C32-4349-A83C-340B474D6431}.Debug|Any CPU.Build.0 = Debug|Any CPU
		{A18A7BDB-8C32-4349-A83C-340B474D6431}.Release|Any CPU.ActiveCfg = Release|Any CPU
		{A18A7BDB-8C32-4349-A83C-340B474D6431}.Release|Any CPU.Build.0 = Release|Any CPU
	EndGlobalSection
	GlobalSection(SolutionProperties) = preSolution
		HideSolutionNode = FALSE
	EndGlobalSection
	GlobalSection(ExtensibilityGlobals) = postSolution
		SolutionGuid = {E449A102-4C0B-4CD9-A825-9E02B47AC0FD}
	EndGlobalSection
EndGlobal
